{
  "requires": true,
  "lockfileVersion": 1,
  "dependencies": {
    "beercss": {
      "version": "1.2.9",
      "resolved": "https://registry.npmjs.org/beercss/-/beercss-1.2.9.tgz",
      "integrity": "sha512-RXair7OxZ0hUviMljcaodciPPeqwebW+z60emkmJxqkd/t4qUDq4M0+sWDhgN3KSxs8GUddJPEdE6rX8wE173A=="
    }
  }
}
